{
  "name": "tsdemo",
  "version": "1.0.0",
  "lockfileVersion": 3,
  "requires": true,
  "packages": {
    "": {
      "name": "tsdemo",
      "version": "1.0.0",
      "license": "ISC",
      "devDependencies": {
        "@types/node": "^18.15.8"
      }
    },
    "node_modules/@types/node": {
      "version": "18.15.8",
      "resolved": "https://registry.npmjs.org/@types/node/-/node-18.15.8.tgz",
      "integrity": "sha512-kzGNJZ57XEH7RdckxZ7wfRjB9hgZABF+NLgR1B2zogUvV0gmK0/60VYA4yb4oKZckPiiJlmmfpdqTfCN0VRX+Q==",
      "dev": true
    }
  }
}
